// !$*UTF8*$!
{
	archiveVersion = 1;
	classes = {
	};
	objectVersion = 54;
	objects = {

/* Begin PBXBuildFile section */
		00E356F31AD99517003FC87E /* WorkersTests.m in Sources */ = {isa = PBXBuildFile; fileRef = 00E356F21AD99517003FC87E /* WorkersTests.m */; };
		0C80B921A6F3F58F76C31292 /* libPods-Workers.a in Frameworks */ = {isa = PBXBuildFile; fileRef = 5DCACB8F33CDC322A6C60F78 /* libPods-Workers.a */; };
		13B07FBC1A68108700A75B9A /* AppDelegate.mm in Sources */ = {isa = PBXBuildFile; fileRef = 13B07FB01A68108700A75B9A /* AppDelegate.mm */; };
		13B07FBF1A68108700A75B9A /* Images.xcassets in Resources */ = {isa = PBXBuildFile; fileRef = 13B07FB51A68108700A75B9A /* Images.xcassets */; };
		13B07FC11A68108700A75B9A /* main.m in Sources */ = {isa = PBXBuildFile; fileRef = 13B07FB71A68108700A75B9A /* main.m */; };
		7699B88040F8A987B510C191 /* libPods-Workers-WorkersTests.a in Frameworks */ = {isa = PBXBuildFile; fileRef = 19F6CBCC0A4E27FBF8BF4A61 /* libPods-Workers-WorkersTests.a */; };
		81AB9BB82411601600AC10FF /* LaunchScreen.storyboard in Resources */ = {isa = PBXBuildFile; fileRef = 81AB9BB72411601600AC10FF /* LaunchScreen.storyboard */; };
<<<<<<< HEAD
<<<<<<< HEAD
<<<<<<< HEAD
		D51E38D056C24FD3B1D5E0C3 /* AntDesign.ttf in Resources */ = {isa = PBXBuildFile; fileRef = 504B5613139941A0B151E2D9 /* AntDesign.ttf */; };
		0AA15BF797AB429C8D72202A /* Entypo.ttf in Resources */ = {isa = PBXBuildFile; fileRef = 0D7514F1026B4626B024E25D /* Entypo.ttf */; };
		CAB983FF48A543EEBFAD7A51 /* EvilIcons.ttf in Resources */ = {isa = PBXBuildFile; fileRef = DD36EE44A0AD4D0CB3FF50E1 /* EvilIcons.ttf */; };
		C4AB098081E24328AD5EF4AF /* Feather.ttf in Resources */ = {isa = PBXBuildFile; fileRef = 7A5C7C5C9F2D44988BC0C700 /* Feather.ttf */; };
		11EA377A30A4445BA45A78CD /* FontAwesome.ttf in Resources */ = {isa = PBXBuildFile; fileRef = F7DCF05F662048C3A18E8F84 /* FontAwesome.ttf */; };
		E69498F846254E04830E85EA /* FontAwesome5_Brands.ttf in Resources */ = {isa = PBXBuildFile; fileRef = 2F38651192E74D489D412ACB /* FontAwesome5_Brands.ttf */; };
		81C5CCC9A3464920ADC0FDE8 /* FontAwesome5_Regular.ttf in Resources */ = {isa = PBXBuildFile; fileRef = 900B3EF755914C62835542AC /* FontAwesome5_Regular.ttf */; };
		85178DFF49054C0CA74CE714 /* FontAwesome5_Solid.ttf in Resources */ = {isa = PBXBuildFile; fileRef = C4917E12ACCB4042BC231F9D /* FontAwesome5_Solid.ttf */; };
		6FB6EE4615D04536AF85D9EE /* Fontisto.ttf in Resources */ = {isa = PBXBuildFile; fileRef = B1A88FC7A466460AA7D6F253 /* Fontisto.ttf */; };
		19724881A74D417BAAD6A48B /* Foundation.ttf in Resources */ = {isa = PBXBuildFile; fileRef = F5D3CAD81B6042C39E31D087 /* Foundation.ttf */; };
		57A3CD2E0455482EB6035FFA /* Ionicons.ttf in Resources */ = {isa = PBXBuildFile; fileRef = BAF5AC82225B4748BFF2F1CD /* Ionicons.ttf */; };
		C1A8ECA323AB47B1B8543303 /* MaterialCommunityIcons.ttf in Resources */ = {isa = PBXBuildFile; fileRef = 4CE64D9341EC497EAB53868E /* MaterialCommunityIcons.ttf */; };
		9F865742E1174E0BA973CE18 /* MaterialIcons.ttf in Resources */ = {isa = PBXBuildFile; fileRef = 9F8B78460CBB4B20B4DCE88A /* MaterialIcons.ttf */; };
		CD3EDEE8B1844218B396998B /* Octicons.ttf in Resources */ = {isa = PBXBuildFile; fileRef = 119B61936118450D9647388A /* Octicons.ttf */; };
		AEA8B9453CFD4120BD7A50ED /* SimpleLineIcons.ttf in Resources */ = {isa = PBXBuildFile; fileRef = 8BC4E2AF9E9E41B5907EF959 /* SimpleLineIcons.ttf */; };
		72EE40D379B24977A98DB781 /* Zocial.ttf in Resources */ = {isa = PBXBuildFile; fileRef = 78737DA9B7BC426D94FCEDC0 /* Zocial.ttf */; };
		55BEBFCE1BFA4A3D918C2699 /* NunitoSans-Bold.otf in Resources */ = {isa = PBXBuildFile; fileRef = 4E2819FF0AC94751AA5A606C /* NunitoSans-Bold.otf */; };
		E56F6FBB05424D178C61A957 /* NunitoSans-Light.otf in Resources */ = {isa = PBXBuildFile; fileRef = BFB527C2296D47869A1FAE86 /* NunitoSans-Light.otf */; };
		E97CB35200834EEFAE876899 /* NunitoSans-Regular.otf in Resources */ = {isa = PBXBuildFile; fileRef = 3F3BEA36BB0A455AB3132BD2 /* NunitoSans-Regular.otf */; };
=======
=======
>>>>>>> origin/WRN-4
=======
>>>>>>> origin/WRN-13
		C4C9AD3EF55740A5B9ADA2CA /* AntDesign.ttf in Resources */ = {isa = PBXBuildFile; fileRef = 3E30E82E8D5E4BB29ECEC90D /* AntDesign.ttf */; };
		887C977632B248CFA616BED3 /* Entypo.ttf in Resources */ = {isa = PBXBuildFile; fileRef = 25776184CDDA48F2B315A1E7 /* Entypo.ttf */; };
		14A0D351DC5B4E8880518223 /* EvilIcons.ttf in Resources */ = {isa = PBXBuildFile; fileRef = 20100FEB91B24F9A9918B171 /* EvilIcons.ttf */; };
		0DB5DACE9C6B43F09134175B /* Feather.ttf in Resources */ = {isa = PBXBuildFile; fileRef = ED2B01D1FB804D62B18E5F88 /* Feather.ttf */; };
		9AC4922792B84892AE5CA520 /* FontAwesome.ttf in Resources */ = {isa = PBXBuildFile; fileRef = 0ECE2F3FE35747848BB154E9 /* FontAwesome.ttf */; };
		40F66EBDEFBD4CD79DAE4AD0 /* FontAwesome5_Brands.ttf in Resources */ = {isa = PBXBuildFile; fileRef = DA05AEB408294B0190A84983 /* FontAwesome5_Brands.ttf */; };
		A3698406632F4BA9AB5F6FD2 /* FontAwesome5_Regular.ttf in Resources */ = {isa = PBXBuildFile; fileRef = 79C6D420B6CA413E8F271F9D /* FontAwesome5_Regular.ttf */; };
		80DC0CFB36974528B49DF3FB /* FontAwesome5_Solid.ttf in Resources */ = {isa = PBXBuildFile; fileRef = 703D701860D0443396F36D4C /* FontAwesome5_Solid.ttf */; };
		C23628F8B45D42A7AA921AFD /* Fontisto.ttf in Resources */ = {isa = PBXBuildFile; fileRef = D29310B847224768BEFC9B94 /* Fontisto.ttf */; };
		6B0C3C6E76794786A9493C9A /* Foundation.ttf in Resources */ = {isa = PBXBuildFile; fileRef = 976EB1602DD24F85B0A20005 /* Foundation.ttf */; };
		10DCEAD7BC4C4BE5AFF1C539 /* Ionicons.ttf in Resources */ = {isa = PBXBuildFile; fileRef = 40368C42F874418481C6596D /* Ionicons.ttf */; };
		7E7AEC372070492DB82BA0F5 /* MaterialCommunityIcons.ttf in Resources */ = {isa = PBXBuildFile; fileRef = C210F40149894CE1B61D93A8 /* MaterialCommunityIcons.ttf */; };
		FE92C9CD3E9F4C5E87F3BB12 /* MaterialIcons.ttf in Resources */ = {isa = PBXBuildFile; fileRef = 872390E6329842CAAA120A84 /* MaterialIcons.ttf */; };
		5909D5045A824B3A8D54EADE /* Octicons.ttf in Resources */ = {isa = PBXBuildFile; fileRef = AFBD9EF1B0FD4ACD9ED9BF46 /* Octicons.ttf */; };
		20C75104E6FD4451B4C5BB22 /* SimpleLineIcons.ttf in Resources */ = {isa = PBXBuildFile; fileRef = A4620152D5B6403EA63F4CBC /* SimpleLineIcons.ttf */; };
		B742C935FADA4B05A4BE3681 /* Zocial.ttf in Resources */ = {isa = PBXBuildFile; fileRef = D0D8262210AF4E378F5B3ABA /* Zocial.ttf */; };
<<<<<<< HEAD
<<<<<<< HEAD
>>>>>>> origin/WRN-6
=======
>>>>>>> origin/WRN-4
=======
>>>>>>> origin/WRN-13
/* End PBXBuildFile section */

/* Begin PBXContainerItemProxy section */
		00E356F41AD99517003FC87E /* PBXContainerItemProxy */ = {
			isa = PBXContainerItemProxy;
			containerPortal = 83CBB9F71A601CBA00E9B192 /* Project object */;
			proxyType = 1;
			remoteGlobalIDString = 13B07F861A680F5B00A75B9A;
			remoteInfo = Workers;
		};
/* End PBXContainerItemProxy section */

/* Begin PBXFileReference section */
		00E356EE1AD99517003FC87E /* WorkersTests.xctest */ = {isa = PBXFileReference; explicitFileType = wrapper.cfbundle; includeInIndex = 0; path = WorkersTests.xctest; sourceTree = BUILT_PRODUCTS_DIR; };
		00E356F11AD99517003FC87E /* Info.plist */ = {isa = PBXFileReference; lastKnownFileType = text.plist.xml; path = Info.plist; sourceTree = "<group>"; };
		00E356F21AD99517003FC87E /* WorkersTests.m */ = {isa = PBXFileReference; lastKnownFileType = sourcecode.c.objc; path = WorkersTests.m; sourceTree = "<group>"; };
		13B07F961A680F5B00A75B9A /* Workers.app */ = {isa = PBXFileReference; explicitFileType = wrapper.application; includeInIndex = 0; path = Workers.app; sourceTree = BUILT_PRODUCTS_DIR; };
		13B07FAF1A68108700A75B9A /* AppDelegate.h */ = {isa = PBXFileReference; fileEncoding = 4; lastKnownFileType = sourcecode.c.h; name = AppDelegate.h; path = Workers/AppDelegate.h; sourceTree = "<group>"; };
		13B07FB01A68108700A75B9A /* AppDelegate.mm */ = {isa = PBXFileReference; fileEncoding = 4; lastKnownFileType = sourcecode.cpp.objcpp; name = AppDelegate.mm; path = Workers/AppDelegate.mm; sourceTree = "<group>"; };
		13B07FB51A68108700A75B9A /* Images.xcassets */ = {isa = PBXFileReference; lastKnownFileType = folder.assetcatalog; name = Images.xcassets; path = Workers/Images.xcassets; sourceTree = "<group>"; };
		13B07FB61A68108700A75B9A /* Info.plist */ = {isa = PBXFileReference; fileEncoding = 4; lastKnownFileType = text.plist.xml; name = Info.plist; path = Workers/Info.plist; sourceTree = "<group>"; };
		13B07FB71A68108700A75B9A /* main.m */ = {isa = PBXFileReference; fileEncoding = 4; lastKnownFileType = sourcecode.c.objc; name = main.m; path = Workers/main.m; sourceTree = "<group>"; };
		19F6CBCC0A4E27FBF8BF4A61 /* libPods-Workers-WorkersTests.a */ = {isa = PBXFileReference; explicitFileType = archive.ar; includeInIndex = 0; path = "libPods-Workers-WorkersTests.a"; sourceTree = BUILT_PRODUCTS_DIR; };
		3B4392A12AC88292D35C810B /* Pods-Workers.debug.xcconfig */ = {isa = PBXFileReference; includeInIndex = 1; lastKnownFileType = text.xcconfig; name = "Pods-Workers.debug.xcconfig"; path = "Target Support Files/Pods-Workers/Pods-Workers.debug.xcconfig"; sourceTree = "<group>"; };
		5709B34CF0A7D63546082F79 /* Pods-Workers.release.xcconfig */ = {isa = PBXFileReference; includeInIndex = 1; lastKnownFileType = text.xcconfig; name = "Pods-Workers.release.xcconfig"; path = "Target Support Files/Pods-Workers/Pods-Workers.release.xcconfig"; sourceTree = "<group>"; };
		5B7EB9410499542E8C5724F5 /* Pods-Workers-WorkersTests.debug.xcconfig */ = {isa = PBXFileReference; includeInIndex = 1; lastKnownFileType = text.xcconfig; name = "Pods-Workers-WorkersTests.debug.xcconfig"; path = "Target Support Files/Pods-Workers-WorkersTests/Pods-Workers-WorkersTests.debug.xcconfig"; sourceTree = "<group>"; };
		5DCACB8F33CDC322A6C60F78 /* libPods-Workers.a */ = {isa = PBXFileReference; explicitFileType = archive.ar; includeInIndex = 0; path = "libPods-Workers.a"; sourceTree = BUILT_PRODUCTS_DIR; };
		81AB9BB72411601600AC10FF /* LaunchScreen.storyboard */ = {isa = PBXFileReference; fileEncoding = 4; lastKnownFileType = file.storyboard; name = LaunchScreen.storyboard; path = Workers/LaunchScreen.storyboard; sourceTree = "<group>"; };
		89C6BE57DB24E9ADA2F236DE /* Pods-Workers-WorkersTests.release.xcconfig */ = {isa = PBXFileReference; includeInIndex = 1; lastKnownFileType = text.xcconfig; name = "Pods-Workers-WorkersTests.release.xcconfig"; path = "Target Support Files/Pods-Workers-WorkersTests/Pods-Workers-WorkersTests.release.xcconfig"; sourceTree = "<group>"; };
		ED297162215061F000B7C4FE /* JavaScriptCore.framework */ = {isa = PBXFileReference; lastKnownFileType = wrapper.framework; name = JavaScriptCore.framework; path = System/Library/Frameworks/JavaScriptCore.framework; sourceTree = SDKROOT; };
<<<<<<< HEAD
<<<<<<< HEAD
<<<<<<< HEAD
		504B5613139941A0B151E2D9 /* AntDesign.ttf */ = {isa = PBXFileReference; name = "AntDesign.ttf"; path = "../node_modules/react-native-vector-icons/Fonts/AntDesign.ttf"; sourceTree = "<group>"; fileEncoding = undefined; lastKnownFileType = unknown; explicitFileType = undefined; includeInIndex = 0; };
		0D7514F1026B4626B024E25D /* Entypo.ttf */ = {isa = PBXFileReference; name = "Entypo.ttf"; path = "../node_modules/react-native-vector-icons/Fonts/Entypo.ttf"; sourceTree = "<group>"; fileEncoding = undefined; lastKnownFileType = unknown; explicitFileType = undefined; includeInIndex = 0; };
		DD36EE44A0AD4D0CB3FF50E1 /* EvilIcons.ttf */ = {isa = PBXFileReference; name = "EvilIcons.ttf"; path = "../node_modules/react-native-vector-icons/Fonts/EvilIcons.ttf"; sourceTree = "<group>"; fileEncoding = undefined; lastKnownFileType = unknown; explicitFileType = undefined; includeInIndex = 0; };
		7A5C7C5C9F2D44988BC0C700 /* Feather.ttf */ = {isa = PBXFileReference; name = "Feather.ttf"; path = "../node_modules/react-native-vector-icons/Fonts/Feather.ttf"; sourceTree = "<group>"; fileEncoding = undefined; lastKnownFileType = unknown; explicitFileType = undefined; includeInIndex = 0; };
		F7DCF05F662048C3A18E8F84 /* FontAwesome.ttf */ = {isa = PBXFileReference; name = "FontAwesome.ttf"; path = "../node_modules/react-native-vector-icons/Fonts/FontAwesome.ttf"; sourceTree = "<group>"; fileEncoding = undefined; lastKnownFileType = unknown; explicitFileType = undefined; includeInIndex = 0; };
		2F38651192E74D489D412ACB /* FontAwesome5_Brands.ttf */ = {isa = PBXFileReference; name = "FontAwesome5_Brands.ttf"; path = "../node_modules/react-native-vector-icons/Fonts/FontAwesome5_Brands.ttf"; sourceTree = "<group>"; fileEncoding = undefined; lastKnownFileType = unknown; explicitFileType = undefined; includeInIndex = 0; };
		900B3EF755914C62835542AC /* FontAwesome5_Regular.ttf */ = {isa = PBXFileReference; name = "FontAwesome5_Regular.ttf"; path = "../node_modules/react-native-vector-icons/Fonts/FontAwesome5_Regular.ttf"; sourceTree = "<group>"; fileEncoding = undefined; lastKnownFileType = unknown; explicitFileType = undefined; includeInIndex = 0; };
		C4917E12ACCB4042BC231F9D /* FontAwesome5_Solid.ttf */ = {isa = PBXFileReference; name = "FontAwesome5_Solid.ttf"; path = "../node_modules/react-native-vector-icons/Fonts/FontAwesome5_Solid.ttf"; sourceTree = "<group>"; fileEncoding = undefined; lastKnownFileType = unknown; explicitFileType = undefined; includeInIndex = 0; };
		B1A88FC7A466460AA7D6F253 /* Fontisto.ttf */ = {isa = PBXFileReference; name = "Fontisto.ttf"; path = "../node_modules/react-native-vector-icons/Fonts/Fontisto.ttf"; sourceTree = "<group>"; fileEncoding = undefined; lastKnownFileType = unknown; explicitFileType = undefined; includeInIndex = 0; };
		F5D3CAD81B6042C39E31D087 /* Foundation.ttf */ = {isa = PBXFileReference; name = "Foundation.ttf"; path = "../node_modules/react-native-vector-icons/Fonts/Foundation.ttf"; sourceTree = "<group>"; fileEncoding = undefined; lastKnownFileType = unknown; explicitFileType = undefined; includeInIndex = 0; };
		BAF5AC82225B4748BFF2F1CD /* Ionicons.ttf */ = {isa = PBXFileReference; name = "Ionicons.ttf"; path = "../node_modules/react-native-vector-icons/Fonts/Ionicons.ttf"; sourceTree = "<group>"; fileEncoding = undefined; lastKnownFileType = unknown; explicitFileType = undefined; includeInIndex = 0; };
		4CE64D9341EC497EAB53868E /* MaterialCommunityIcons.ttf */ = {isa = PBXFileReference; name = "MaterialCommunityIcons.ttf"; path = "../node_modules/react-native-vector-icons/Fonts/MaterialCommunityIcons.ttf"; sourceTree = "<group>"; fileEncoding = undefined; lastKnownFileType = unknown; explicitFileType = undefined; includeInIndex = 0; };
		9F8B78460CBB4B20B4DCE88A /* MaterialIcons.ttf */ = {isa = PBXFileReference; name = "MaterialIcons.ttf"; path = "../node_modules/react-native-vector-icons/Fonts/MaterialIcons.ttf"; sourceTree = "<group>"; fileEncoding = undefined; lastKnownFileType = unknown; explicitFileType = undefined; includeInIndex = 0; };
		119B61936118450D9647388A /* Octicons.ttf */ = {isa = PBXFileReference; name = "Octicons.ttf"; path = "../node_modules/react-native-vector-icons/Fonts/Octicons.ttf"; sourceTree = "<group>"; fileEncoding = undefined; lastKnownFileType = unknown; explicitFileType = undefined; includeInIndex = 0; };
		8BC4E2AF9E9E41B5907EF959 /* SimpleLineIcons.ttf */ = {isa = PBXFileReference; name = "SimpleLineIcons.ttf"; path = "../node_modules/react-native-vector-icons/Fonts/SimpleLineIcons.ttf"; sourceTree = "<group>"; fileEncoding = undefined; lastKnownFileType = unknown; explicitFileType = undefined; includeInIndex = 0; };
		78737DA9B7BC426D94FCEDC0 /* Zocial.ttf */ = {isa = PBXFileReference; name = "Zocial.ttf"; path = "../node_modules/react-native-vector-icons/Fonts/Zocial.ttf"; sourceTree = "<group>"; fileEncoding = undefined; lastKnownFileType = unknown; explicitFileType = undefined; includeInIndex = 0; };
		4E2819FF0AC94751AA5A606C /* NunitoSans-Bold.otf */ = {isa = PBXFileReference; name = "NunitoSans-Bold.otf"; path = "../assets/fonts/NunitoSans-Bold.otf"; sourceTree = "<group>"; fileEncoding = undefined; lastKnownFileType = unknown; explicitFileType = undefined; includeInIndex = 0; };
		BFB527C2296D47869A1FAE86 /* NunitoSans-Light.otf */ = {isa = PBXFileReference; name = "NunitoSans-Light.otf"; path = "../assets/fonts/NunitoSans-Light.otf"; sourceTree = "<group>"; fileEncoding = undefined; lastKnownFileType = unknown; explicitFileType = undefined; includeInIndex = 0; };
		3F3BEA36BB0A455AB3132BD2 /* NunitoSans-Regular.otf */ = {isa = PBXFileReference; name = "NunitoSans-Regular.otf"; path = "../assets/fonts/NunitoSans-Regular.otf"; sourceTree = "<group>"; fileEncoding = undefined; lastKnownFileType = unknown; explicitFileType = undefined; includeInIndex = 0; };
=======
=======
>>>>>>> origin/WRN-4
=======
>>>>>>> origin/WRN-13
		3E30E82E8D5E4BB29ECEC90D /* AntDesign.ttf */ = {isa = PBXFileReference; name = "AntDesign.ttf"; path = "../node_modules/react-native-vector-icons/Fonts/AntDesign.ttf"; sourceTree = "<group>"; fileEncoding = undefined; lastKnownFileType = unknown; explicitFileType = undefined; includeInIndex = 0; };
		25776184CDDA48F2B315A1E7 /* Entypo.ttf */ = {isa = PBXFileReference; name = "Entypo.ttf"; path = "../node_modules/react-native-vector-icons/Fonts/Entypo.ttf"; sourceTree = "<group>"; fileEncoding = undefined; lastKnownFileType = unknown; explicitFileType = undefined; includeInIndex = 0; };
		20100FEB91B24F9A9918B171 /* EvilIcons.ttf */ = {isa = PBXFileReference; name = "EvilIcons.ttf"; path = "../node_modules/react-native-vector-icons/Fonts/EvilIcons.ttf"; sourceTree = "<group>"; fileEncoding = undefined; lastKnownFileType = unknown; explicitFileType = undefined; includeInIndex = 0; };
		ED2B01D1FB804D62B18E5F88 /* Feather.ttf */ = {isa = PBXFileReference; name = "Feather.ttf"; path = "../node_modules/react-native-vector-icons/Fonts/Feather.ttf"; sourceTree = "<group>"; fileEncoding = undefined; lastKnownFileType = unknown; explicitFileType = undefined; includeInIndex = 0; };
		0ECE2F3FE35747848BB154E9 /* FontAwesome.ttf */ = {isa = PBXFileReference; name = "FontAwesome.ttf"; path = "../node_modules/react-native-vector-icons/Fonts/FontAwesome.ttf"; sourceTree = "<group>"; fileEncoding = undefined; lastKnownFileType = unknown; explicitFileType = undefined; includeInIndex = 0; };
		DA05AEB408294B0190A84983 /* FontAwesome5_Brands.ttf */ = {isa = PBXFileReference; name = "FontAwesome5_Brands.ttf"; path = "../node_modules/react-native-vector-icons/Fonts/FontAwesome5_Brands.ttf"; sourceTree = "<group>"; fileEncoding = undefined; lastKnownFileType = unknown; explicitFileType = undefined; includeInIndex = 0; };
		79C6D420B6CA413E8F271F9D /* FontAwesome5_Regular.ttf */ = {isa = PBXFileReference; name = "FontAwesome5_Regular.ttf"; path = "../node_modules/react-native-vector-icons/Fonts/FontAwesome5_Regular.ttf"; sourceTree = "<group>"; fileEncoding = undefined; lastKnownFileType = unknown; explicitFileType = undefined; includeInIndex = 0; };
		703D701860D0443396F36D4C /* FontAwesome5_Solid.ttf */ = {isa = PBXFileReference; name = "FontAwesome5_Solid.ttf"; path = "../node_modules/react-native-vector-icons/Fonts/FontAwesome5_Solid.ttf"; sourceTree = "<group>"; fileEncoding = undefined; lastKnownFileType = unknown; explicitFileType = undefined; includeInIndex = 0; };
		D29310B847224768BEFC9B94 /* Fontisto.ttf */ = {isa = PBXFileReference; name = "Fontisto.ttf"; path = "../node_modules/react-native-vector-icons/Fonts/Fontisto.ttf"; sourceTree = "<group>"; fileEncoding = undefined; lastKnownFileType = unknown; explicitFileType = undefined; includeInIndex = 0; };
		976EB1602DD24F85B0A20005 /* Foundation.ttf */ = {isa = PBXFileReference; name = "Foundation.ttf"; path = "../node_modules/react-native-vector-icons/Fonts/Foundation.ttf"; sourceTree = "<group>"; fileEncoding = undefined; lastKnownFileType = unknown; explicitFileType = undefined; includeInIndex = 0; };
		40368C42F874418481C6596D /* Ionicons.ttf */ = {isa = PBXFileReference; name = "Ionicons.ttf"; path = "../node_modules/react-native-vector-icons/Fonts/Ionicons.ttf"; sourceTree = "<group>"; fileEncoding = undefined; lastKnownFileType = unknown; explicitFileType = undefined; includeInIndex = 0; };
		C210F40149894CE1B61D93A8 /* MaterialCommunityIcons.ttf */ = {isa = PBXFileReference; name = "MaterialCommunityIcons.ttf"; path = "../node_modules/react-native-vector-icons/Fonts/MaterialCommunityIcons.ttf"; sourceTree = "<group>"; fileEncoding = undefined; lastKnownFileType = unknown; explicitFileType = undefined; includeInIndex = 0; };
		872390E6329842CAAA120A84 /* MaterialIcons.ttf */ = {isa = PBXFileReference; name = "MaterialIcons.ttf"; path = "../node_modules/react-native-vector-icons/Fonts/MaterialIcons.ttf"; sourceTree = "<group>"; fileEncoding = undefined; lastKnownFileType = unknown; explicitFileType = undefined; includeInIndex = 0; };
		AFBD9EF1B0FD4ACD9ED9BF46 /* Octicons.ttf */ = {isa = PBXFileReference; name = "Octicons.ttf"; path = "../node_modules/react-native-vector-icons/Fonts/Octicons.ttf"; sourceTree = "<group>"; fileEncoding = undefined; lastKnownFileType = unknown; explicitFileType = undefined; includeInIndex = 0; };
		A4620152D5B6403EA63F4CBC /* SimpleLineIcons.ttf */ = {isa = PBXFileReference; name = "SimpleLineIcons.ttf"; path = "../node_modules/react-native-vector-icons/Fonts/SimpleLineIcons.ttf"; sourceTree = "<group>"; fileEncoding = undefined; lastKnownFileType = unknown; explicitFileType = undefined; includeInIndex = 0; };
		D0D8262210AF4E378F5B3ABA /* Zocial.ttf */ = {isa = PBXFileReference; name = "Zocial.ttf"; path = "../node_modules/react-native-vector-icons/Fonts/Zocial.ttf"; sourceTree = "<group>"; fileEncoding = undefined; lastKnownFileType = unknown; explicitFileType = undefined; includeInIndex = 0; };
<<<<<<< HEAD
<<<<<<< HEAD
>>>>>>> origin/WRN-6
=======
>>>>>>> origin/WRN-4
=======
>>>>>>> origin/WRN-13
/* End PBXFileReference section */

/* Begin PBXFrameworksBuildPhase section */
		00E356EB1AD99517003FC87E /* Frameworks */ = {
			isa = PBXFrameworksBuildPhase;
			buildActionMask = 2147483647;
			files = (
				7699B88040F8A987B510C191 /* libPods-Workers-WorkersTests.a in Frameworks */,
			);
			runOnlyForDeploymentPostprocessing = 0;
		};
		13B07F8C1A680F5B00A75B9A /* Frameworks */ = {
			isa = PBXFrameworksBuildPhase;
			buildActionMask = 2147483647;
			files = (
				0C80B921A6F3F58F76C31292 /* libPods-Workers.a in Frameworks */,
			);
			runOnlyForDeploymentPostprocessing = 0;
		};
/* End PBXFrameworksBuildPhase section */

/* Begin PBXGroup section */
		00E356EF1AD99517003FC87E /* WorkersTests */ = {
			isa = PBXGroup;
			children = (
				00E356F21AD99517003FC87E /* WorkersTests.m */,
				00E356F01AD99517003FC87E /* Supporting Files */,
			);
			path = WorkersTests;
			sourceTree = "<group>";
		};
		00E356F01AD99517003FC87E /* Supporting Files */ = {
			isa = PBXGroup;
			children = (
				00E356F11AD99517003FC87E /* Info.plist */,
			);
			name = "Supporting Files";
			sourceTree = "<group>";
		};
		13B07FAE1A68108700A75B9A /* Workers */ = {
			isa = PBXGroup;
			children = (
				13B07FAF1A68108700A75B9A /* AppDelegate.h */,
				13B07FB01A68108700A75B9A /* AppDelegate.mm */,
				13B07FB51A68108700A75B9A /* Images.xcassets */,
				13B07FB61A68108700A75B9A /* Info.plist */,
				81AB9BB72411601600AC10FF /* LaunchScreen.storyboard */,
				13B07FB71A68108700A75B9A /* main.m */,
			);
			name = Workers;
			sourceTree = "<group>";
		};
		2D16E6871FA4F8E400B85C8A /* Frameworks */ = {
			isa = PBXGroup;
			children = (
				ED297162215061F000B7C4FE /* JavaScriptCore.framework */,
				5DCACB8F33CDC322A6C60F78 /* libPods-Workers.a */,
				19F6CBCC0A4E27FBF8BF4A61 /* libPods-Workers-WorkersTests.a */,
			);
			name = Frameworks;
			sourceTree = "<group>";
		};
		832341AE1AAA6A7D00B99B32 /* Libraries */ = {
			isa = PBXGroup;
			children = (
			);
			name = Libraries;
			sourceTree = "<group>";
		};
		83CBB9F61A601CBA00E9B192 = {
			isa = PBXGroup;
			children = (
				13B07FAE1A68108700A75B9A /* Workers */,
				832341AE1AAA6A7D00B99B32 /* Libraries */,
				00E356EF1AD99517003FC87E /* WorkersTests */,
				83CBBA001A601CBA00E9B192 /* Products */,
				2D16E6871FA4F8E400B85C8A /* Frameworks */,
				BBD78D7AC51CEA395F1C20DB /* Pods */,
<<<<<<< HEAD
<<<<<<< HEAD
<<<<<<< HEAD
				6E93630F952A452E83FC4809 /* Resources */,
=======
				F96F69D079B84239BA896D89 /* Resources */,
>>>>>>> origin/WRN-6
=======
				F96F69D079B84239BA896D89 /* Resources */,
>>>>>>> origin/WRN-4
=======
				F96F69D079B84239BA896D89 /* Resources */,
>>>>>>> origin/WRN-13
			);
			indentWidth = 2;
			sourceTree = "<group>";
			tabWidth = 2;
			usesTabs = 0;
		};
		83CBBA001A601CBA00E9B192 /* Products */ = {
			isa = PBXGroup;
			children = (
				13B07F961A680F5B00A75B9A /* Workers.app */,
				00E356EE1AD99517003FC87E /* WorkersTests.xctest */,
			);
			name = Products;
			sourceTree = "<group>";
		};
		BBD78D7AC51CEA395F1C20DB /* Pods */ = {
			isa = PBXGroup;
			children = (
				3B4392A12AC88292D35C810B /* Pods-Workers.debug.xcconfig */,
				5709B34CF0A7D63546082F79 /* Pods-Workers.release.xcconfig */,
				5B7EB9410499542E8C5724F5 /* Pods-Workers-WorkersTests.debug.xcconfig */,
				89C6BE57DB24E9ADA2F236DE /* Pods-Workers-WorkersTests.release.xcconfig */,
			);
			path = Pods;
			sourceTree = "<group>";
		};
<<<<<<< HEAD
<<<<<<< HEAD
<<<<<<< HEAD
		6E93630F952A452E83FC4809 /* Resources */ = {
			isa = "PBXGroup";
			children = (
				504B5613139941A0B151E2D9 /* AntDesign.ttf */,
				0D7514F1026B4626B024E25D /* Entypo.ttf */,
				DD36EE44A0AD4D0CB3FF50E1 /* EvilIcons.ttf */,
				7A5C7C5C9F2D44988BC0C700 /* Feather.ttf */,
				F7DCF05F662048C3A18E8F84 /* FontAwesome.ttf */,
				2F38651192E74D489D412ACB /* FontAwesome5_Brands.ttf */,
				900B3EF755914C62835542AC /* FontAwesome5_Regular.ttf */,
				C4917E12ACCB4042BC231F9D /* FontAwesome5_Solid.ttf */,
				B1A88FC7A466460AA7D6F253 /* Fontisto.ttf */,
				F5D3CAD81B6042C39E31D087 /* Foundation.ttf */,
				BAF5AC82225B4748BFF2F1CD /* Ionicons.ttf */,
				4CE64D9341EC497EAB53868E /* MaterialCommunityIcons.ttf */,
				9F8B78460CBB4B20B4DCE88A /* MaterialIcons.ttf */,
				119B61936118450D9647388A /* Octicons.ttf */,
				8BC4E2AF9E9E41B5907EF959 /* SimpleLineIcons.ttf */,
				78737DA9B7BC426D94FCEDC0 /* Zocial.ttf */,
				4E2819FF0AC94751AA5A606C /* NunitoSans-Bold.otf */,
				BFB527C2296D47869A1FAE86 /* NunitoSans-Light.otf */,
				3F3BEA36BB0A455AB3132BD2 /* NunitoSans-Regular.otf */,
=======
=======
>>>>>>> origin/WRN-4
=======
>>>>>>> origin/WRN-13
		F96F69D079B84239BA896D89 /* Resources */ = {
			isa = "PBXGroup";
			children = (
				3E30E82E8D5E4BB29ECEC90D /* AntDesign.ttf */,
				25776184CDDA48F2B315A1E7 /* Entypo.ttf */,
				20100FEB91B24F9A9918B171 /* EvilIcons.ttf */,
				ED2B01D1FB804D62B18E5F88 /* Feather.ttf */,
				0ECE2F3FE35747848BB154E9 /* FontAwesome.ttf */,
				DA05AEB408294B0190A84983 /* FontAwesome5_Brands.ttf */,
				79C6D420B6CA413E8F271F9D /* FontAwesome5_Regular.ttf */,
				703D701860D0443396F36D4C /* FontAwesome5_Solid.ttf */,
				D29310B847224768BEFC9B94 /* Fontisto.ttf */,
				976EB1602DD24F85B0A20005 /* Foundation.ttf */,
				40368C42F874418481C6596D /* Ionicons.ttf */,
				C210F40149894CE1B61D93A8 /* MaterialCommunityIcons.ttf */,
				872390E6329842CAAA120A84 /* MaterialIcons.ttf */,
				AFBD9EF1B0FD4ACD9ED9BF46 /* Octicons.ttf */,
				A4620152D5B6403EA63F4CBC /* SimpleLineIcons.ttf */,
				D0D8262210AF4E378F5B3ABA /* Zocial.ttf */,
<<<<<<< HEAD
<<<<<<< HEAD
>>>>>>> origin/WRN-6
=======
>>>>>>> origin/WRN-4
=======
>>>>>>> origin/WRN-13
			);
			name = Resources;
			sourceTree = "<group>";
			path = "";
		};
/* End PBXGroup section */

/* Begin PBXNativeTarget section */
		00E356ED1AD99517003FC87E /* WorkersTests */ = {
			isa = PBXNativeTarget;
			buildConfigurationList = 00E357021AD99517003FC87E /* Build configuration list for PBXNativeTarget "WorkersTests" */;
			buildPhases = (
				A55EABD7B0C7F3A422A6CC61 /* [CP] Check Pods Manifest.lock */,
				00E356EA1AD99517003FC87E /* Sources */,
				00E356EB1AD99517003FC87E /* Frameworks */,
				00E356EC1AD99517003FC87E /* Resources */,
				C59DA0FBD6956966B86A3779 /* [CP] Embed Pods Frameworks */,
				F6A41C54EA430FDDC6A6ED99 /* [CP] Copy Pods Resources */,
			);
			buildRules = (
			);
			dependencies = (
				00E356F51AD99517003FC87E /* PBXTargetDependency */,
			);
			name = WorkersTests;
			productName = WorkersTests;
			productReference = 00E356EE1AD99517003FC87E /* WorkersTests.xctest */;
			productType = "com.apple.product-type.bundle.unit-test";
		};
		13B07F861A680F5B00A75B9A /* Workers */ = {
			isa = PBXNativeTarget;
			buildConfigurationList = 13B07F931A680F5B00A75B9A /* Build configuration list for PBXNativeTarget "Workers" */;
			buildPhases = (
				C38B50BA6285516D6DCD4F65 /* [CP] Check Pods Manifest.lock */,
				FD10A7F022414F080027D42C /* Start Packager */,
				13B07F871A680F5B00A75B9A /* Sources */,
				13B07F8C1A680F5B00A75B9A /* Frameworks */,
				13B07F8E1A680F5B00A75B9A /* Resources */,
				00DD1BFF1BD5951E006B06BC /* Bundle React Native code and images */,
				00EEFC60759A1932668264C0 /* [CP] Embed Pods Frameworks */,
				E235C05ADACE081382539298 /* [CP] Copy Pods Resources */,
			);
			buildRules = (
			);
			dependencies = (
			);
			name = Workers;
			productName = Workers;
			productReference = 13B07F961A680F5B00A75B9A /* Workers.app */;
			productType = "com.apple.product-type.application";
		};
/* End PBXNativeTarget section */

/* Begin PBXProject section */
		83CBB9F71A601CBA00E9B192 /* Project object */ = {
			isa = PBXProject;
			attributes = {
				LastUpgradeCheck = 1320;
				TargetAttributes = {
					00E356ED1AD99517003FC87E = {
						CreatedOnToolsVersion = 6.2;
						TestTargetID = 13B07F861A680F5B00A75B9A;
					};
					13B07F861A680F5B00A75B9A = {
						LastSwiftMigration = 1120;
					};
				};
			};
			buildConfigurationList = 83CBB9FA1A601CBA00E9B192 /* Build configuration list for PBXProject "Workers" */;
			compatibilityVersion = "Xcode 12.0";
			developmentRegion = en;
			hasScannedForEncodings = 0;
			knownRegions = (
				en,
				Base,
			);
			mainGroup = 83CBB9F61A601CBA00E9B192;
			productRefGroup = 83CBBA001A601CBA00E9B192 /* Products */;
			projectDirPath = "";
			projectRoot = "";
			targets = (
				13B07F861A680F5B00A75B9A /* Workers */,
				00E356ED1AD99517003FC87E /* WorkersTests */,
			);
		};
/* End PBXProject section */

/* Begin PBXResourcesBuildPhase section */
		00E356EC1AD99517003FC87E /* Resources */ = {
			isa = PBXResourcesBuildPhase;
			buildActionMask = 2147483647;
			files = (
			);
			runOnlyForDeploymentPostprocessing = 0;
		};
		13B07F8E1A680F5B00A75B9A /* Resources */ = {
			isa = PBXResourcesBuildPhase;
			buildActionMask = 2147483647;
			files = (
				81AB9BB82411601600AC10FF /* LaunchScreen.storyboard in Resources */,
				13B07FBF1A68108700A75B9A /* Images.xcassets in Resources */,
<<<<<<< HEAD
<<<<<<< HEAD
				D51E38D056C24FD3B1D5E0C3 /* AntDesign.ttf in Resources */,
				0AA15BF797AB429C8D72202A /* Entypo.ttf in Resources */,
				CAB983FF48A543EEBFAD7A51 /* EvilIcons.ttf in Resources */,
				C4AB098081E24328AD5EF4AF /* Feather.ttf in Resources */,
				11EA377A30A4445BA45A78CD /* FontAwesome.ttf in Resources */,
				E69498F846254E04830E85EA /* FontAwesome5_Brands.ttf in Resources */,
				81C5CCC9A3464920ADC0FDE8 /* FontAwesome5_Regular.ttf in Resources */,
				85178DFF49054C0CA74CE714 /* FontAwesome5_Solid.ttf in Resources */,
				6FB6EE4615D04536AF85D9EE /* Fontisto.ttf in Resources */,
				19724881A74D417BAAD6A48B /* Foundation.ttf in Resources */,
				57A3CD2E0455482EB6035FFA /* Ionicons.ttf in Resources */,
				C1A8ECA323AB47B1B8543303 /* MaterialCommunityIcons.ttf in Resources */,
				9F865742E1174E0BA973CE18 /* MaterialIcons.ttf in Resources */,
				CD3EDEE8B1844218B396998B /* Octicons.ttf in Resources */,
				AEA8B9453CFD4120BD7A50ED /* SimpleLineIcons.ttf in Resources */,
				72EE40D379B24977A98DB781 /* Zocial.ttf in Resources */,
				55BEBFCE1BFA4A3D918C2699 /* NunitoSans-Bold.otf in Resources */,
				E56F6FBB05424D178C61A957 /* NunitoSans-Light.otf in Resources */,
				E97CB35200834EEFAE876899 /* NunitoSans-Regular.otf in Resources */,
=======
=======
>>>>>>> origin/WRN-13
				C4C9AD3EF55740A5B9ADA2CA /* AntDesign.ttf in Resources */,
				887C977632B248CFA616BED3 /* Entypo.ttf in Resources */,
				14A0D351DC5B4E8880518223 /* EvilIcons.ttf in Resources */,
				0DB5DACE9C6B43F09134175B /* Feather.ttf in Resources */,
				9AC4922792B84892AE5CA520 /* FontAwesome.ttf in Resources */,
				40F66EBDEFBD4CD79DAE4AD0 /* FontAwesome5_Brands.ttf in Resources */,
				A3698406632F4BA9AB5F6FD2 /* FontAwesome5_Regular.ttf in Resources */,
				80DC0CFB36974528B49DF3FB /* FontAwesome5_Solid.ttf in Resources */,
				C23628F8B45D42A7AA921AFD /* Fontisto.ttf in Resources */,
				6B0C3C6E76794786A9493C9A /* Foundation.ttf in Resources */,
				10DCEAD7BC4C4BE5AFF1C539 /* Ionicons.ttf in Resources */,
				7E7AEC372070492DB82BA0F5 /* MaterialCommunityIcons.ttf in Resources */,
				FE92C9CD3E9F4C5E87F3BB12 /* MaterialIcons.ttf in Resources */,
				5909D5045A824B3A8D54EADE /* Octicons.ttf in Resources */,
				20C75104E6FD4451B4C5BB22 /* SimpleLineIcons.ttf in Resources */,
				B742C935FADA4B05A4BE3681 /* Zocial.ttf in Resources */,
<<<<<<< HEAD
>>>>>>> origin/WRN-4
=======
>>>>>>> origin/WRN-13
			);
			runOnlyForDeploymentPostprocessing = 0;
		};
/* End PBXResourcesBuildPhase section */

/* Begin PBXShellScriptBuildPhase section */
		00DD1BFF1BD5951E006B06BC /* Bundle React Native code and images */ = {
			isa = PBXShellScriptBuildPhase;
			buildActionMask = 2147483647;
			files = (
			);
			inputPaths = (
			);
			name = "Bundle React Native code and images";
			outputPaths = (
			);
			runOnlyForDeploymentPostprocessing = 0;
			shellPath = /bin/sh;
			shellScript = "set -e\n\nexport NODE_BINARY=node\n../node_modules/react-native/scripts/react-native-xcode.sh\n";
		};
		00EEFC60759A1932668264C0 /* [CP] Embed Pods Frameworks */ = {
			isa = PBXShellScriptBuildPhase;
			buildActionMask = 2147483647;
			files = (
			);
			inputFileListPaths = (
				"${PODS_ROOT}/Target Support Files/Pods-Workers/Pods-Workers-frameworks-${CONFIGURATION}-input-files.xcfilelist",
			);
			name = "[CP] Embed Pods Frameworks";
			outputFileListPaths = (
				"${PODS_ROOT}/Target Support Files/Pods-Workers/Pods-Workers-frameworks-${CONFIGURATION}-output-files.xcfilelist",
			);
			runOnlyForDeploymentPostprocessing = 0;
			shellPath = /bin/sh;
			shellScript = "\"${PODS_ROOT}/Target Support Files/Pods-Workers/Pods-Workers-frameworks.sh\"\n";
			showEnvVarsInLog = 0;
		};
		A55EABD7B0C7F3A422A6CC61 /* [CP] Check Pods Manifest.lock */ = {
			isa = PBXShellScriptBuildPhase;
			buildActionMask = 2147483647;
			files = (
			);
			inputFileListPaths = (
			);
			inputPaths = (
				"${PODS_PODFILE_DIR_PATH}/Podfile.lock",
				"${PODS_ROOT}/Manifest.lock",
			);
			name = "[CP] Check Pods Manifest.lock";
			outputFileListPaths = (
			);
			outputPaths = (
				"$(DERIVED_FILE_DIR)/Pods-Workers-WorkersTests-checkManifestLockResult.txt",
			);
			runOnlyForDeploymentPostprocessing = 0;
			shellPath = /bin/sh;
			shellScript = "diff \"${PODS_PODFILE_DIR_PATH}/Podfile.lock\" \"${PODS_ROOT}/Manifest.lock\" > /dev/null\nif [ $? != 0 ] ; then\n    # print error to STDERR\n    echo \"error: The sandbox is not in sync with the Podfile.lock. Run 'pod install' or update your CocoaPods installation.\" >&2\n    exit 1\nfi\n# This output is used by Xcode 'outputs' to avoid re-running this script phase.\necho \"SUCCESS\" > \"${SCRIPT_OUTPUT_FILE_0}\"\n";
			showEnvVarsInLog = 0;
		};
		C38B50BA6285516D6DCD4F65 /* [CP] Check Pods Manifest.lock */ = {
			isa = PBXShellScriptBuildPhase;
			buildActionMask = 2147483647;
			files = (
			);
			inputFileListPaths = (
			);
			inputPaths = (
				"${PODS_PODFILE_DIR_PATH}/Podfile.lock",
				"${PODS_ROOT}/Manifest.lock",
			);
			name = "[CP] Check Pods Manifest.lock";
			outputFileListPaths = (
			);
			outputPaths = (
				"$(DERIVED_FILE_DIR)/Pods-Workers-checkManifestLockResult.txt",
			);
			runOnlyForDeploymentPostprocessing = 0;
			shellPath = /bin/sh;
			shellScript = "diff \"${PODS_PODFILE_DIR_PATH}/Podfile.lock\" \"${PODS_ROOT}/Manifest.lock\" > /dev/null\nif [ $? != 0 ] ; then\n    # print error to STDERR\n    echo \"error: The sandbox is not in sync with the Podfile.lock. Run 'pod install' or update your CocoaPods installation.\" >&2\n    exit 1\nfi\n# This output is used by Xcode 'outputs' to avoid re-running this script phase.\necho \"SUCCESS\" > \"${SCRIPT_OUTPUT_FILE_0}\"\n";
			showEnvVarsInLog = 0;
		};
		C59DA0FBD6956966B86A3779 /* [CP] Embed Pods Frameworks */ = {
			isa = PBXShellScriptBuildPhase;
			buildActionMask = 2147483647;
			files = (
			);
			inputFileListPaths = (
				"${PODS_ROOT}/Target Support Files/Pods-Workers-WorkersTests/Pods-Workers-WorkersTests-frameworks-${CONFIGURATION}-input-files.xcfilelist",
			);
			name = "[CP] Embed Pods Frameworks";
			outputFileListPaths = (
				"${PODS_ROOT}/Target Support Files/Pods-Workers-WorkersTests/Pods-Workers-WorkersTests-frameworks-${CONFIGURATION}-output-files.xcfilelist",
			);
			runOnlyForDeploymentPostprocessing = 0;
			shellPath = /bin/sh;
			shellScript = "\"${PODS_ROOT}/Target Support Files/Pods-Workers-WorkersTests/Pods-Workers-WorkersTests-frameworks.sh\"\n";
			showEnvVarsInLog = 0;
		};
		E235C05ADACE081382539298 /* [CP] Copy Pods Resources */ = {
			isa = PBXShellScriptBuildPhase;
			buildActionMask = 2147483647;
			files = (
			);
			inputFileListPaths = (
				"${PODS_ROOT}/Target Support Files/Pods-Workers/Pods-Workers-resources-${CONFIGURATION}-input-files.xcfilelist",
			);
			name = "[CP] Copy Pods Resources";
			outputFileListPaths = (
				"${PODS_ROOT}/Target Support Files/Pods-Workers/Pods-Workers-resources-${CONFIGURATION}-output-files.xcfilelist",
			);
			runOnlyForDeploymentPostprocessing = 0;
			shellPath = /bin/sh;
			shellScript = "\"${PODS_ROOT}/Target Support Files/Pods-Workers/Pods-Workers-resources.sh\"\n";
			showEnvVarsInLog = 0;
		};
		F6A41C54EA430FDDC6A6ED99 /* [CP] Copy Pods Resources */ = {
			isa = PBXShellScriptBuildPhase;
			buildActionMask = 2147483647;
			files = (
			);
			inputFileListPaths = (
				"${PODS_ROOT}/Target Support Files/Pods-Workers-WorkersTests/Pods-Workers-WorkersTests-resources-${CONFIGURATION}-input-files.xcfilelist",
			);
			name = "[CP] Copy Pods Resources";
			outputFileListPaths = (
				"${PODS_ROOT}/Target Support Files/Pods-Workers-WorkersTests/Pods-Workers-WorkersTests-resources-${CONFIGURATION}-output-files.xcfilelist",
			);
			runOnlyForDeploymentPostprocessing = 0;
			shellPath = /bin/sh;
			shellScript = "\"${PODS_ROOT}/Target Support Files/Pods-Workers-WorkersTests/Pods-Workers-WorkersTests-resources.sh\"\n";
			showEnvVarsInLog = 0;
		};
		FD10A7F022414F080027D42C /* Start Packager */ = {
			isa = PBXShellScriptBuildPhase;
			buildActionMask = 2147483647;
			files = (
			);
			inputFileListPaths = (
			);
			inputPaths = (
			);
			name = "Start Packager";
			outputFileListPaths = (
			);
			outputPaths = (
			);
			runOnlyForDeploymentPostprocessing = 0;
			shellPath = /bin/sh;
			shellScript = "export RCT_METRO_PORT=\"${RCT_METRO_PORT:=8081}\"\necho \"export RCT_METRO_PORT=${RCT_METRO_PORT}\" > \"${SRCROOT}/../node_modules/react-native/scripts/.packager.env\"\nif [ -z \"${RCT_NO_LAUNCH_PACKAGER+xxx}\" ] ; then\n  if nc -w 5 -z localhost ${RCT_METRO_PORT} ; then\n    if ! curl -s \"http://localhost:${RCT_METRO_PORT}/status\" | grep -q \"packager-status:running\" ; then\n      echo \"Port ${RCT_METRO_PORT} already in use, packager is either not running or not running correctly\"\n      exit 2\n    fi\n  else\n    open \"$SRCROOT/../node_modules/react-native/scripts/launchPackager.command\" || echo \"Can't start packager automatically\"\n  fi\nfi\n";
			showEnvVarsInLog = 0;
		};
/* End PBXShellScriptBuildPhase section */

/* Begin PBXSourcesBuildPhase section */
		00E356EA1AD99517003FC87E /* Sources */ = {
			isa = PBXSourcesBuildPhase;
			buildActionMask = 2147483647;
			files = (
				00E356F31AD99517003FC87E /* WorkersTests.m in Sources */,
			);
			runOnlyForDeploymentPostprocessing = 0;
		};
		13B07F871A680F5B00A75B9A /* Sources */ = {
			isa = PBXSourcesBuildPhase;
			buildActionMask = 2147483647;
			files = (
				13B07FBC1A68108700A75B9A /* AppDelegate.mm in Sources */,
				13B07FC11A68108700A75B9A /* main.m in Sources */,
			);
			runOnlyForDeploymentPostprocessing = 0;
		};
/* End PBXSourcesBuildPhase section */

/* Begin PBXTargetDependency section */
		00E356F51AD99517003FC87E /* PBXTargetDependency */ = {
			isa = PBXTargetDependency;
			target = 13B07F861A680F5B00A75B9A /* Workers */;
			targetProxy = 00E356F41AD99517003FC87E /* PBXContainerItemProxy */;
		};
/* End PBXTargetDependency section */

/* Begin XCBuildConfiguration section */
		00E356F61AD99517003FC87E /* Debug */ = {
			isa = XCBuildConfiguration;
			baseConfigurationReference = 5B7EB9410499542E8C5724F5 /* Pods-Workers-WorkersTests.debug.xcconfig */;
			buildSettings = {
				ALWAYS_EMBED_SWIFT_STANDARD_LIBRARIES = YES;
				BUNDLE_LOADER = "$(TEST_HOST)";
				GCC_PREPROCESSOR_DEFINITIONS = (
					"DEBUG=1",
					"$(inherited)",
				);
				INFOPLIST_FILE = WorkersTests/Info.plist;
				IPHONEOS_DEPLOYMENT_TARGET = 12.0;
				LD_RUNPATH_SEARCH_PATHS = (
					"$(inherited)",
					"@executable_path/Frameworks",
					"@loader_path/Frameworks",
				);
				OTHER_LDFLAGS = (
					"-ObjC",
					"-lc++",
					"$(inherited)",
				);
				PRODUCT_BUNDLE_IDENTIFIER = "org.reactjs.native.example.$(PRODUCT_NAME:rfc1034identifier)";
				PRODUCT_NAME = "$(TARGET_NAME)";
				TEST_HOST = "$(BUILT_PRODUCTS_DIR)/Workers.Workers/Workers";
			};
			name = Debug;
		};
		00E356F71AD99517003FC87E /* Release */ = {
			isa = XCBuildConfiguration;
			baseConfigurationReference = 89C6BE57DB24E9ADA2F236DE /* Pods-Workers-WorkersTests.release.xcconfig */;
			buildSettings = {
				ALWAYS_EMBED_SWIFT_STANDARD_LIBRARIES = YES;
				BUNDLE_LOADER = "$(TEST_HOST)";
				COPY_PHASE_STRIP = NO;
				INFOPLIST_FILE = WorkersTests/Info.plist;
				IPHONEOS_DEPLOYMENT_TARGET = 12.0;
				LD_RUNPATH_SEARCH_PATHS = (
					"$(inherited)",
					"@executable_path/Frameworks",
					"@loader_path/Frameworks",
				);
				OTHER_LDFLAGS = (
					"-ObjC",
					"-lc++",
					"$(inherited)",
				);
				PRODUCT_BUNDLE_IDENTIFIER = "org.reactjs.native.example.$(PRODUCT_NAME:rfc1034identifier)";
				PRODUCT_NAME = "$(TARGET_NAME)";
				TEST_HOST = "$(BUILT_PRODUCTS_DIR)/Workers.Workers/Workers";
			};
			name = Release;
		};
		13B07F941A680F5B00A75B9A /* Debug */ = {
			isa = XCBuildConfiguration;
			baseConfigurationReference = 3B4392A12AC88292D35C810B /* Pods-Workers.debug.xcconfig */;
			buildSettings = {
				ASSETCATALOG_COMPILER_APPICON_NAME = AppIcon;
				CLANG_ENABLE_MODULES = YES;
				CURRENT_PROJECT_VERSION = 1;
				ENABLE_BITCODE = NO;
				INFOPLIST_FILE = Workers/Info.plist;
				LD_RUNPATH_SEARCH_PATHS = (
					"$(inherited)",
					"@executable_path/Frameworks",
				);
				OTHER_LDFLAGS = (
					"$(inherited)",
					"-ObjC",
					"-lc++",
				);
				PRODUCT_BUNDLE_IDENTIFIER = ru.softmg.workers;
				PRODUCT_NAME = Workers;
				SWIFT_OPTIMIZATION_LEVEL = "-Onone";
				SWIFT_VERSION = 5.0;
				VERSIONING_SYSTEM = "apple-generic";
			};
			name = Debug;
		};
		13B07F951A680F5B00A75B9A /* Release */ = {
			isa = XCBuildConfiguration;
			baseConfigurationReference = 5709B34CF0A7D63546082F79 /* Pods-Workers.release.xcconfig */;
			buildSettings = {
				ASSETCATALOG_COMPILER_APPICON_NAME = AppIcon;
				CLANG_ENABLE_MODULES = YES;
				CURRENT_PROJECT_VERSION = 1;
				INFOPLIST_FILE = Workers/Info.plist;
				LD_RUNPATH_SEARCH_PATHS = (
					"$(inherited)",
					"@executable_path/Frameworks",
				);
				OTHER_LDFLAGS = (
					"$(inherited)",
					"-ObjC",
					"-lc++",
				);
				PRODUCT_BUNDLE_IDENTIFIER = ru.softmg.workers;
				PRODUCT_NAME = Workers;
				SWIFT_VERSION = 5.0;
				VERSIONING_SYSTEM = "apple-generic";
			};
			name = Release;
		};
		83CBBA201A601CBA00E9B192 /* Debug */ = {
			isa = XCBuildConfiguration;
			buildSettings = {
				ALWAYS_SEARCH_USER_PATHS = NO;
				CLANG_ANALYZER_LOCALIZABILITY_NONLOCALIZED = YES;
				CLANG_CXX_LANGUAGE_STANDARD = "c++17";
				CLANG_CXX_LIBRARY = "libc++";
				CLANG_ENABLE_MODULES = YES;
				CLANG_ENABLE_OBJC_ARC = YES;
				CLANG_WARN_BLOCK_CAPTURE_AUTORELEASING = YES;
				CLANG_WARN_BOOL_CONVERSION = YES;
				CLANG_WARN_COMMA = YES;
				CLANG_WARN_CONSTANT_CONVERSION = YES;
				CLANG_WARN_DEPRECATED_OBJC_IMPLEMENTATIONS = YES;
				CLANG_WARN_DIRECT_OBJC_ISA_USAGE = YES_ERROR;
				CLANG_WARN_EMPTY_BODY = YES;
				CLANG_WARN_ENUM_CONVERSION = YES;
				CLANG_WARN_INFINITE_RECURSION = YES;
				CLANG_WARN_INT_CONVERSION = YES;
				CLANG_WARN_NON_LITERAL_NULL_CONVERSION = YES;
				CLANG_WARN_OBJC_IMPLICIT_RETAIN_SELF = YES;
				CLANG_WARN_OBJC_LITERAL_CONVERSION = YES;
				CLANG_WARN_OBJC_ROOT_CLASS = YES_ERROR;
				CLANG_WARN_QUOTED_INCLUDE_IN_FRAMEWORK_HEADER = YES;
				CLANG_WARN_RANGE_LOOP_ANALYSIS = YES;
				CLANG_WARN_STRICT_PROTOTYPES = YES;
				CLANG_WARN_SUSPICIOUS_MOVE = YES;
				CLANG_WARN_UNREACHABLE_CODE = YES;
				CLANG_WARN__DUPLICATE_METHOD_MATCH = YES;
				"CODE_SIGN_IDENTITY[sdk=iphoneos*]" = "iPhone Developer";
				COPY_PHASE_STRIP = NO;
				ENABLE_STRICT_OBJC_MSGSEND = YES;
				ENABLE_TESTABILITY = YES;
				"EXCLUDED_ARCHS[sdk=iphonesimulator*]" = "";
				GCC_C_LANGUAGE_STANDARD = gnu99;
				GCC_DYNAMIC_NO_PIC = NO;
				GCC_NO_COMMON_BLOCKS = YES;
				GCC_OPTIMIZATION_LEVEL = 0;
				GCC_PREPROCESSOR_DEFINITIONS = (
					"DEBUG=1",
					"$(inherited)",
				);
				GCC_SYMBOLS_PRIVATE_EXTERN = NO;
				GCC_WARN_64_TO_32_BIT_CONVERSION = YES;
				GCC_WARN_ABOUT_RETURN_TYPE = YES_ERROR;
				GCC_WARN_UNDECLARED_SELECTOR = YES;
				GCC_WARN_UNINITIALIZED_AUTOS = YES_AGGRESSIVE;
				GCC_WARN_UNUSED_FUNCTION = YES;
				GCC_WARN_UNUSED_VARIABLE = YES;
				IPHONEOS_DEPLOYMENT_TARGET = 12.0;
				LD_RUNPATH_SEARCH_PATHS = (
					/usr/lib/swift,
					"$(inherited)",
				);
				LIBRARY_SEARCH_PATHS = (
					"\"$(SDKROOT)/usr/lib/swift\"",
					"\"$(TOOLCHAIN_DIR)/usr/lib/swift/$(PLATFORM_NAME)\"",
					"\"$(inherited)\"",
				);
				MTL_ENABLE_DEBUG_INFO = YES;
				ONLY_ACTIVE_ARCH = YES;
				OTHER_CPLUSPLUSFLAGS = (
					"$(OTHER_CFLAGS)",
					"-DFOLLY_NO_CONFIG",
					"-DFOLLY_MOBILE=1",
					"-DFOLLY_USE_LIBCPP=1",
				);
				SDKROOT = iphoneos;
			};
			name = Debug;
		};
		83CBBA211A601CBA00E9B192 /* Release */ = {
			isa = XCBuildConfiguration;
			buildSettings = {
				ALWAYS_SEARCH_USER_PATHS = NO;
				CLANG_ANALYZER_LOCALIZABILITY_NONLOCALIZED = YES;
				CLANG_CXX_LANGUAGE_STANDARD = "c++17";
				CLANG_CXX_LIBRARY = "libc++";
				CLANG_ENABLE_MODULES = YES;
				CLANG_ENABLE_OBJC_ARC = YES;
				CLANG_WARN_BLOCK_CAPTURE_AUTORELEASING = YES;
				CLANG_WARN_BOOL_CONVERSION = YES;
				CLANG_WARN_COMMA = YES;
				CLANG_WARN_CONSTANT_CONVERSION = YES;
				CLANG_WARN_DEPRECATED_OBJC_IMPLEMENTATIONS = YES;
				CLANG_WARN_DIRECT_OBJC_ISA_USAGE = YES_ERROR;
				CLANG_WARN_EMPTY_BODY = YES;
				CLANG_WARN_ENUM_CONVERSION = YES;
				CLANG_WARN_INFINITE_RECURSION = YES;
				CLANG_WARN_INT_CONVERSION = YES;
				CLANG_WARN_NON_LITERAL_NULL_CONVERSION = YES;
				CLANG_WARN_OBJC_IMPLICIT_RETAIN_SELF = YES;
				CLANG_WARN_OBJC_LITERAL_CONVERSION = YES;
				CLANG_WARN_OBJC_ROOT_CLASS = YES_ERROR;
				CLANG_WARN_QUOTED_INCLUDE_IN_FRAMEWORK_HEADER = YES;
				CLANG_WARN_RANGE_LOOP_ANALYSIS = YES;
				CLANG_WARN_STRICT_PROTOTYPES = YES;
				CLANG_WARN_SUSPICIOUS_MOVE = YES;
				CLANG_WARN_UNREACHABLE_CODE = YES;
				CLANG_WARN__DUPLICATE_METHOD_MATCH = YES;
				"CODE_SIGN_IDENTITY[sdk=iphoneos*]" = "iPhone Developer";
				COPY_PHASE_STRIP = YES;
				ENABLE_NS_ASSERTIONS = NO;
				ENABLE_STRICT_OBJC_MSGSEND = YES;
				"EXCLUDED_ARCHS[sdk=iphonesimulator*]" = "";
				GCC_C_LANGUAGE_STANDARD = gnu99;
				GCC_NO_COMMON_BLOCKS = YES;
				GCC_WARN_64_TO_32_BIT_CONVERSION = YES;
				GCC_WARN_ABOUT_RETURN_TYPE = YES_ERROR;
				GCC_WARN_UNDECLARED_SELECTOR = YES;
				GCC_WARN_UNINITIALIZED_AUTOS = YES_AGGRESSIVE;
				GCC_WARN_UNUSED_FUNCTION = YES;
				GCC_WARN_UNUSED_VARIABLE = YES;
				IPHONEOS_DEPLOYMENT_TARGET = 12.0;
				LD_RUNPATH_SEARCH_PATHS = (
					/usr/lib/swift,
					"$(inherited)",
				);
				LIBRARY_SEARCH_PATHS = (
					"\"$(SDKROOT)/usr/lib/swift\"",
					"\"$(TOOLCHAIN_DIR)/usr/lib/swift/$(PLATFORM_NAME)\"",
					"\"$(inherited)\"",
				);
				MTL_ENABLE_DEBUG_INFO = NO;
				OTHER_CPLUSPLUSFLAGS = (
					"$(OTHER_CFLAGS)",
					"-DFOLLY_NO_CONFIG",
					"-DFOLLY_MOBILE=1",
					"-DFOLLY_USE_LIBCPP=1",
				);
				SDKROOT = iphoneos;
				VALIDATE_PRODUCT = YES;
			};
			name = Release;
		};
/* End XCBuildConfiguration section */

/* Begin XCConfigurationList section */
		00E357021AD99517003FC87E /* Build configuration list for PBXNativeTarget "WorkersTests" */ = {
			isa = XCConfigurationList;
			buildConfigurations = (
				00E356F61AD99517003FC87E /* Debug */,
				00E356F71AD99517003FC87E /* Release */,
			);
			defaultConfigurationIsVisible = 0;
			defaultConfigurationName = Release;
		};
		13B07F931A680F5B00A75B9A /* Build configuration list for PBXNativeTarget "Workers" */ = {
			isa = XCConfigurationList;
			buildConfigurations = (
				13B07F941A680F5B00A75B9A /* Debug */,
				13B07F951A680F5B00A75B9A /* Release */,
			);
			defaultConfigurationIsVisible = 0;
			defaultConfigurationName = Release;
		};
		83CBB9FA1A601CBA00E9B192 /* Build configuration list for PBXProject "Workers" */ = {
			isa = XCConfigurationList;
			buildConfigurations = (
				83CBBA201A601CBA00E9B192 /* Debug */,
				83CBBA211A601CBA00E9B192 /* Release */,
			);
			defaultConfigurationIsVisible = 0;
			defaultConfigurationName = Release;
		};
/* End XCConfigurationList section */
	};
	rootObject = 83CBB9F71A601CBA00E9B192 /* Project object */;
}
